# This file is automatically @generated by Cargo.
# It is not intended for manual editing.
version = 3

[[package]]
name = "hwaddr"
version = "0.1.7"
source = "registry+https://github.com/rust-lang/crates.io-index"
checksum = "e414433a9e4338f4e87fa29d0670c883a5e73e7955c45f4a49130c0aa992c85b"
dependencies = [
 "phf",
]

[[package]]
name = "phf"
version = "0.8.0"
source = "registry+https://github.com/rust-lang/crates.io-index"
checksum = "3dfb61232e34fcb633f43d12c58f83c1df82962dcdfa565a4e866ffc17dafe12"
dependencies = [
 "phf_shared",
]

[[package]]
name = "phf_shared"
version = "0.8.0"
source = "registry+https://github.com/rust-lang/crates.io-index"
checksum = "c00cf8b9eafe68dde5e9eaa2cef8ee84a9336a47d566ec55ca16589633b65af7"
dependencies = [
 "siphasher",
]

[[package]]
name = "ruuvi"
version = "0.1.0"
dependencies = [
 "hwaddr",
 "ruuvi-sensor-protocol",
]

[[package]]
name = "ruuvi-sensor-protocol"
version = "0.5.0"
source = "registry+https://github.com/rust-lang/crates.io-index"
checksum = "b6bd4cf01ca03e36e9049ccb3a4c0616d392b63d31af18f85e7ef7799f1e99a1"

[[package]]
name = "siphasher"
version = "0.3.10"
source = "registry+https://github.com/rust-lang/crates.io-index"
checksum = "7bd3e3206899af3f8b12af284fafc038cc1dc2b41d1b89dd17297221c5d225de"
